// !$*UTF8*$!
{
	archiveVersion = 1;
	classes = {
	};
	objectVersion = 56;
	objects = {

/* Begin PBXBuildFile section */
		1081F5A229A7B1DE009A80D4 /* AppDelegate.swift in Sources */ = {isa = PBXBuildFile; fileRef = 1081F5A129A7B1DE009A80D4 /* AppDelegate.swift */; };
		1081F5A429A7B1DE009A80D4 /* SceneDelegate.swift in Sources */ = {isa = PBXBuildFile; fileRef = 1081F5A329A7B1DE009A80D4 /* SceneDelegate.swift */; };
		1081F5A629A7B1DE009A80D4 /* ViewController.swift in Sources */ = {isa = PBXBuildFile; fileRef = 1081F5A529A7B1DE009A80D4 /* ViewController.swift */; };
		1081F5A929A7B1DE009A80D4 /* Main.storyboard in Resources */ = {isa = PBXBuildFile; fileRef = 1081F5A729A7B1DE009A80D4 /* Main.storyboard */; };
		1081F5AB29A7B1DF009A80D4 /* Assets.xcassets in Resources */ = {isa = PBXBuildFile; fileRef = 1081F5AA29A7B1DF009A80D4 /* Assets.xcassets */; };
		1081F5AE29A7B1DF009A80D4 /* LaunchScreen.storyboard in Resources */ = {isa = PBXBuildFile; fileRef = 1081F5AC29A7B1DF009A80D4 /* LaunchScreen.storyboard */; };
		1081F5B729A7B304009A80D4 /* SnapKit in Frameworks */ = {isa = PBXBuildFile; productRef = 1081F5B629A7B304009A80D4 /* SnapKit */; };
		1081F5BA29A7B323009A80D4 /* RxCocoa in Frameworks */ = {isa = PBXBuildFile; productRef = 1081F5B929A7B323009A80D4 /* RxCocoa */; };
		1081F5BC29A7B323009A80D4 /* RxSwift in Frameworks */ = {isa = PBXBuildFile; productRef = 1081F5BB29A7B323009A80D4 /* RxSwift */; };
		1081F5BF29A7B355009A80D4 /* Moya in Frameworks */ = {isa = PBXBuildFile; productRef = 1081F5BE29A7B355009A80D4 /* Moya */; };
		1081F5C429A7B46F009A80D4 /* ArmyAPI.swift in Sources */ = {isa = PBXBuildFile; fileRef = 1081F5C329A7B46F009A80D4 /* ArmyAPI.swift */; };
/* End PBXBuildFile section */

/* Begin PBXFileReference section */
		1081F59E29A7B1DE009A80D4 /* find-army.app */ = {isa = PBXFileReference; explicitFileType = wrapper.application; includeInIndex = 0; path = "find-army.app"; sourceTree = BUILT_PRODUCTS_DIR; };
		1081F5A129A7B1DE009A80D4 /* AppDelegate.swift */ = {isa = PBXFileReference; lastKnownFileType = sourcecode.swift; path = AppDelegate.swift; sourceTree = "<group>"; };
		1081F5A329A7B1DE009A80D4 /* SceneDelegate.swift */ = {isa = PBXFileReference; lastKnownFileType = sourcecode.swift; path = SceneDelegate.swift; sourceTree = "<group>"; };
		1081F5A529A7B1DE009A80D4 /* ViewController.swift */ = {isa = PBXFileReference; lastKnownFileType = sourcecode.swift; path = ViewController.swift; sourceTree = "<group>"; };
		1081F5A829A7B1DE009A80D4 /* Base */ = {isa = PBXFileReference; lastKnownFileType = file.storyboard; name = Base; path = Base.lproj/Main.storyboard; sourceTree = "<group>"; };
		1081F5AA29A7B1DF009A80D4 /* Assets.xcassets */ = {isa = PBXFileReference; lastKnownFileType = folder.assetcatalog; path = Assets.xcassets; sourceTree = "<group>"; };
		1081F5AD29A7B1DF009A80D4 /* Base */ = {isa = PBXFileReference; lastKnownFileType = file.storyboard; name = Base; path = Base.lproj/LaunchScreen.storyboard; sourceTree = "<group>"; };
		1081F5AF29A7B1DF009A80D4 /* Info.plist */ = {isa = PBXFileReference; lastKnownFileType = text.plist.xml; path = Info.plist; sourceTree = "<group>"; };
		1081F5C329A7B46F009A80D4 /* ArmyAPI.swift */ = {isa = PBXFileReference; lastKnownFileType = sourcecode.swift; path = ArmyAPI.swift; sourceTree = "<group>"; };
/* End PBXFileReference section */

/* Begin PBXFrameworksBuildPhase section */
		1081F59B29A7B1DE009A80D4 /* Frameworks */ = {
			isa = PBXFrameworksBuildPhase;
			buildActionMask = 2147483647;
			files = (
				1081F5BC29A7B323009A80D4 /* RxSwift in Frameworks */,
				1081F5BA29A7B323009A80D4 /* RxCocoa in Frameworks */,
				1081F5BF29A7B355009A80D4 /* Moya in Frameworks */,
				1081F5B729A7B304009A80D4 /* SnapKit in Frameworks */,
			);
			runOnlyForDeploymentPostprocessing = 0;
		};
/* End PBXFrameworksBuildPhase section */

/* Begin PBXGroup section */
		1081F59529A7B1DE009A80D4 = {
			isa = PBXGroup;
			children = (
				1081F5A029A7B1DE009A80D4 /* find-army */,
				1081F59F29A7B1DE009A80D4 /* Products */,
			);
			sourceTree = "<group>";
		};
		1081F59F29A7B1DE009A80D4 /* Products */ = {
			isa = PBXGroup;
			children = (
				1081F59E29A7B1DE009A80D4 /* find-army.app */,
			);
			name = Products;
			sourceTree = "<group>";
		};
		1081F5A029A7B1DE009A80D4 /* find-army */ = {
			isa = PBXGroup;
			children = (
				1081F5C229A7B421009A80D4 /* Delegate */,
				1081F5C129A7B40F009A80D4 /* Misc */,
				1081F5C029A7B3FA009A80D4 /* Resources */,
				1081F5A529A7B1DE009A80D4 /* ViewController.swift */,
				1081F5C329A7B46F009A80D4 /* ArmyAPI.swift */,
			);
			path = "find-army";
			sourceTree = "<group>";
		};
		1081F5C029A7B3FA009A80D4 /* Resources */ = {
			isa = PBXGroup;
			children = (
				1081F5AA29A7B1DF009A80D4 /* Assets.xcassets */,
			);
			path = Resources;
			sourceTree = "<group>";
		};
		1081F5C129A7B40F009A80D4 /* Misc */ = {
			isa = PBXGroup;
			children = (
				1081F5A729A7B1DE009A80D4 /* Main.storyboard */,
				1081F5AC29A7B1DF009A80D4 /* LaunchScreen.storyboard */,
				1081F5AF29A7B1DF009A80D4 /* Info.plist */,
			);
			path = Misc;
			sourceTree = "<group>";
		};
		1081F5C229A7B421009A80D4 /* Delegate */ = {
			isa = PBXGroup;
			children = (
				1081F5A129A7B1DE009A80D4 /* AppDelegate.swift */,
				1081F5A329A7B1DE009A80D4 /* SceneDelegate.swift */,
			);
			path = Delegate;
			sourceTree = "<group>";
		};
/* End PBXGroup section */

/* Begin PBXNativeTarget section */
		1081F59D29A7B1DE009A80D4 /* find-army */ = {
			isa = PBXNativeTarget;
			buildConfigurationList = 1081F5B229A7B1DF009A80D4 /* Build configuration list for PBXNativeTarget "find-army" */;
			buildPhases = (
				1081F59A29A7B1DE009A80D4 /* Sources */,
				1081F59B29A7B1DE009A80D4 /* Frameworks */,
				1081F59C29A7B1DE009A80D4 /* Resources */,
			);
			buildRules = (
			);
			dependencies = (
			);
			name = "find-army";
			packageProductDependencies = (
				1081F5B629A7B304009A80D4 /* SnapKit */,
				1081F5B929A7B323009A80D4 /* RxCocoa */,
				1081F5BB29A7B323009A80D4 /* RxSwift */,
				1081F5BE29A7B355009A80D4 /* Moya */,
			);
			productName = "find-army";
			productReference = 1081F59E29A7B1DE009A80D4 /* find-army.app */;
			productType = "com.apple.product-type.application";
		};
/* End PBXNativeTarget section */

/* Begin PBXProject section */
		1081F59629A7B1DE009A80D4 /* Project object */ = {
			isa = PBXProject;
			attributes = {
				BuildIndependentTargetsInParallel = 1;
				LastSwiftUpdateCheck = 1400;
				LastUpgradeCheck = 1400;
				TargetAttributes = {
					1081F59D29A7B1DE009A80D4 = {
						CreatedOnToolsVersion = 14.0;
					};
				};
			};
			buildConfigurationList = 1081F59929A7B1DE009A80D4 /* Build configuration list for PBXProject "find-army" */;
			compatibilityVersion = "Xcode 14.0";
			developmentRegion = en;
			hasScannedForEncodings = 0;
			knownRegions = (
				en,
				Base,
			);
			mainGroup = 1081F59529A7B1DE009A80D4;
			packageReferences = (
				1081F5B529A7B304009A80D4 /* XCRemoteSwiftPackageReference "SnapKit" */,
				1081F5B829A7B323009A80D4 /* XCRemoteSwiftPackageReference "RxSwift" */,
				1081F5BD29A7B355009A80D4 /* XCRemoteSwiftPackageReference "Moya" */,
			);
			productRefGroup = 1081F59F29A7B1DE009A80D4 /* Products */;
			projectDirPath = "";
			projectRoot = "";
			targets = (
				1081F59D29A7B1DE009A80D4 /* find-army */,
			);
		};
/* End PBXProject section */

/* Begin PBXResourcesBuildPhase section */
		1081F59C29A7B1DE009A80D4 /* Resources */ = {
			isa = PBXResourcesBuildPhase;
			buildActionMask = 2147483647;
			files = (
				1081F5AE29A7B1DF009A80D4 /* LaunchScreen.storyboard in Resources */,
				1081F5AB29A7B1DF009A80D4 /* Assets.xcassets in Resources */,
				1081F5A929A7B1DE009A80D4 /* Main.storyboard in Resources */,
			);
			runOnlyForDeploymentPostprocessing = 0;
		};
/* End PBXResourcesBuildPhase section */

/* Begin PBXSourcesBuildPhase section */
		1081F59A29A7B1DE009A80D4 /* Sources */ = {
			isa = PBXSourcesBuildPhase;
			buildActionMask = 2147483647;
			files = (
				1081F5A629A7B1DE009A80D4 /* ViewController.swift in Sources */,
				1081F5A229A7B1DE009A80D4 /* AppDelegate.swift in Sources */,
				1081F5C429A7B46F009A80D4 /* ArmyAPI.swift in Sources */,
				1081F5A429A7B1DE009A80D4 /* SceneDelegate.swift in Sources */,
			);
			runOnlyForDeploymentPostprocessing = 0;
		};
/* End PBXSourcesBuildPhase section */

/* Begin PBXVariantGroup section */
		1081F5A729A7B1DE009A80D4 /* Main.storyboard */ = {
			isa = PBXVariantGroup;
			children = (
				1081F5A829A7B1DE009A80D4 /* Base */,
			);
			name = Main.storyboard;
			sourceTree = "<group>";
		};
		1081F5AC29A7B1DF009A80D4 /* LaunchScreen.storyboard */ = {
			isa = PBXVariantGroup;
			children = (
				1081F5AD29A7B1DF009A80D4 /* Base */,
			);
			name = LaunchScreen.storyboard;
			sourceTree = "<group>";
		};
/* End PBXVariantGroup section */

/* Begin XCBuildConfiguration section */
		1081F5B029A7B1DF009A80D4 /* Debug */ = {
			isa = XCBuildConfiguration;
			buildSettings = {
				ALWAYS_SEARCH_USER_PATHS = NO;
				CLANG_ANALYZER_NONNULL = YES;
				CLANG_ANALYZER_NUMBER_OBJECT_CONVERSION = YES_AGGRESSIVE;
				CLANG_CXX_LANGUAGE_STANDARD = "gnu++20";
				CLANG_ENABLE_MODULES = YES;
				CLANG_ENABLE_OBJC_ARC = YES;
				CLANG_ENABLE_OBJC_WEAK = YES;
				CLANG_WARN_BLOCK_CAPTURE_AUTORELEASING = YES;
				CLANG_WARN_BOOL_CONVERSION = YES;
				CLANG_WARN_COMMA = YES;
				CLANG_WARN_CONSTANT_CONVERSION = YES;
				CLANG_WARN_DEPRECATED_OBJC_IMPLEMENTATIONS = YES;
				CLANG_WARN_DIRECT_OBJC_ISA_USAGE = YES_ERROR;
				CLANG_WARN_DOCUMENTATION_COMMENTS = YES;
				CLANG_WARN_EMPTY_BODY = YES;
				CLANG_WARN_ENUM_CONVERSION = YES;
				CLANG_WARN_INFINITE_RECURSION = YES;
				CLANG_WARN_INT_CONVERSION = YES;
				CLANG_WARN_NON_LITERAL_NULL_CONVERSION = YES;
				CLANG_WARN_OBJC_IMPLICIT_RETAIN_SELF = YES;
				CLANG_WARN_OBJC_LITERAL_CONVERSION = YES;
				CLANG_WARN_OBJC_ROOT_CLASS = YES_ERROR;
				CLANG_WARN_QUOTED_INCLUDE_IN_FRAMEWORK_HEADER = YES;
				CLANG_WARN_RANGE_LOOP_ANALYSIS = YES;
				CLANG_WARN_STRICT_PROTOTYPES = YES;
				CLANG_WARN_SUSPICIOUS_MOVE = YES;
				CLANG_WARN_UNGUARDED_AVAILABILITY = YES_AGGRESSIVE;
				CLANG_WARN_UNREACHABLE_CODE = YES;
				CLANG_WARN__DUPLICATE_METHOD_MATCH = YES;
				COPY_PHASE_STRIP = NO;
				DEBUG_INFORMATION_FORMAT = dwarf;
				ENABLE_STRICT_OBJC_MSGSEND = YES;
				ENABLE_TESTABILITY = YES;
				GCC_C_LANGUAGE_STANDARD = gnu11;
				GCC_DYNAMIC_NO_PIC = NO;
				GCC_NO_COMMON_BLOCKS = YES;
				GCC_OPTIMIZATION_LEVEL = 0;
				GCC_PREPROCESSOR_DEFINITIONS = (
					"DEBUG=1",
					"$(inherited)",
				);
				GCC_WARN_64_TO_32_BIT_CONVERSION = YES;
				GCC_WARN_ABOUT_RETURN_TYPE = YES_ERROR;
				GCC_WARN_UNDECLARED_SELECTOR = YES;
				GCC_WARN_UNINITIALIZED_AUTOS = YES_AGGRESSIVE;
				GCC_WARN_UNUSED_FUNCTION = YES;
				GCC_WARN_UNUSED_VARIABLE = YES;
				IPHONEOS_DEPLOYMENT_TARGET = 16.0;
				MTL_ENABLE_DEBUG_INFO = INCLUDE_SOURCE;
				MTL_FAST_MATH = YES;
				ONLY_ACTIVE_ARCH = YES;
				SDKROOT = iphoneos;
				SWIFT_ACTIVE_COMPILATION_CONDITIONS = DEBUG;
				SWIFT_OPTIMIZATION_LEVEL = "-Onone";
			};
			name = Debug;
		};
		1081F5B129A7B1DF009A80D4 /* Release */ = {
			isa = XCBuildConfiguration;
			buildSettings = {
				ALWAYS_SEARCH_USER_PATHS = NO;
				CLANG_ANALYZER_NONNULL = YES;
				CLANG_ANALYZER_NUMBER_OBJECT_CONVERSION = YES_AGGRESSIVE;
				CLANG_CXX_LANGUAGE_STANDARD = "gnu++20";
				CLANG_ENABLE_MODULES = YES;
				CLANG_ENABLE_OBJC_ARC = YES;
				CLANG_ENABLE_OBJC_WEAK = YES;
				CLANG_WARN_BLOCK_CAPTURE_AUTORELEASING = YES;
				CLANG_WARN_BOOL_CONVERSION = YES;
				CLANG_WARN_COMMA = YES;
				CLANG_WARN_CONSTANT_CONVERSION = YES;
				CLANG_WARN_DEPRECATED_OBJC_IMPLEMENTATIONS = YES;
				CLANG_WARN_DIRECT_OBJC_ISA_USAGE = YES_ERROR;
				CLANG_WARN_DOCUMENTATION_COMMENTS = YES;
				CLANG_WARN_EMPTY_BODY = YES;
				CLANG_WARN_ENUM_CONVERSION = YES;
				CLANG_WARN_INFINITE_RECURSION = YES;
				CLANG_WARN_INT_CONVERSION = YES;
				CLANG_WARN_NON_LITERAL_NULL_CONVERSION = YES;
				CLANG_WARN_OBJC_IMPLICIT_RETAIN_SELF = YES;
				CLANG_WARN_OBJC_LITERAL_CONVERSION = YES;
				CLANG_WARN_OBJC_ROOT_CLASS = YES_ERROR;
				CLANG_WARN_QUOTED_INCLUDE_IN_FRAMEWORK_HEADER = YES;
				CLANG_WARN_RANGE_LOOP_ANALYSIS = YES;
				CLANG_WARN_STRICT_PROTOTYPES = YES;
				CLANG_WARN_SUSPICIOUS_MOVE = YES;
				CLANG_WARN_UNGUARDED_AVAILABILITY = YES_AGGRESSIVE;
				CLANG_WARN_UNREACHABLE_CODE = YES;
				CLANG_WARN__DUPLICATE_METHOD_MATCH = YES;
				COPY_PHASE_STRIP = NO;
				DEBUG_INFORMATION_FORMAT = "dwarf-with-dsym";
				ENABLE_NS_ASSERTIONS = NO;
				ENABLE_STRICT_OBJC_MSGSEND = YES;
				GCC_C_LANGUAGE_STANDARD = gnu11;
				GCC_NO_COMMON_BLOCKS = YES;
				GCC_WARN_64_TO_32_BIT_CONVERSION = YES;
				GCC_WARN_ABOUT_RETURN_TYPE = YES_ERROR;
				GCC_WARN_UNDECLARED_SELECTOR = YES;
				GCC_WARN_UNINITIALIZED_AUTOS = YES_AGGRESSIVE;
				GCC_WARN_UNUSED_FUNCTION = YES;
				GCC_WARN_UNUSED_VARIABLE = YES;
				IPHONEOS_DEPLOYMENT_TARGET = 16.0;
				MTL_ENABLE_DEBUG_INFO = NO;
				MTL_FAST_MATH = YES;
				SDKROOT = iphoneos;
				SWIFT_COMPILATION_MODE = wholemodule;
				SWIFT_OPTIMIZATION_LEVEL = "-O";
				VALIDATE_PRODUCT = YES;
			};
			name = Release;
		};
		1081F5B329A7B1DF009A80D4 /* Debug */ = {
			isa = XCBuildConfiguration;
			buildSettings = {
				ASSETCATALOG_COMPILER_APPICON_NAME = AppIcon;
				ASSETCATALOG_COMPILER_GLOBAL_ACCENT_COLOR_NAME = AccentColor;
				CODE_SIGN_STYLE = Automatic;
				CURRENT_PROJECT_VERSION = 1;
				DEVELOPMENT_TEAM = NV6RLW47QH;
				GENERATE_INFOPLIST_FILE = YES;
				INFOPLIST_FILE = "find-army/Info.plist";
				INFOPLIST_KEY_UIApplicationSupportsIndirectInputEvents = YES;
				INFOPLIST_KEY_UILaunchStoryboardName = LaunchScreen;
				INFOPLIST_KEY_UIMainStoryboardFile = Main;
				INFOPLIST_KEY_UISupportedInterfaceOrientations_iPad = "UIInterfaceOrientationPortrait UIInterfaceOrientationPortraitUpsideDown UIInterfaceOrientationLandscapeLeft UIInterfaceOrientationLandscapeRight";
				INFOPLIST_KEY_UISupportedInterfaceOrientations_iPhone = "UIInterfaceOrientationPortrait UIInterfaceOrientationLandscapeLeft UIInterfaceOrientationLandscapeRight";
				IPHONEOS_DEPLOYMENT_TARGET = 14.0;
				LD_RUNPATH_SEARCH_PATHS = (
					"$(inherited)",
					"@executable_path/Frameworks",
				);
				MARKETING_VERSION = 1.0;
				PRODUCT_BUNDLE_IDENTIFIER = "com.vex.army.find-army";
				PRODUCT_NAME = "$(TARGET_NAME)";
				SWIFT_EMIT_LOC_STRINGS = YES;
				SWIFT_VERSION = 5.0;
				TARGETED_DEVICE_FAMILY = "1,2";
			};
			name = Debug;
		};
		1081F5B429A7B1DF009A80D4 /* Release */ = {
			isa = XCBuildConfiguration;
			buildSettings = {
				ASSETCATALOG_COMPILER_APPICON_NAME = AppIcon;
				ASSETCATALOG_COMPILER_GLOBAL_ACCENT_COLOR_NAME = AccentColor;
				CODE_SIGN_STYLE = Automatic;
				CURRENT_PROJECT_VERSION = 1;
				DEVELOPMENT_TEAM = NV6RLW47QH;
				GENERATE_INFOPLIST_FILE = YES;
				INFOPLIST_FILE = "find-army/Info.plist";
				INFOPLIST_KEY_UIApplicationSupportsIndirectInputEvents = YES;
				INFOPLIST_KEY_UILaunchStoryboardName = LaunchScreen;
				INFOPLIST_KEY_UIMainStoryboardFile = Main;
				INFOPLIST_KEY_UISupportedInterfaceOrientations_iPad = "UIInterfaceOrientationPortrait UIInterfaceOrientationPortraitUpsideDown UIInterfaceOrientationLandscapeLeft UIInterfaceOrientationLandscapeRight";
				INFOPLIST_KEY_UISupportedInterfaceOrientations_iPhone = "UIInterfaceOrientationPortrait UIInterfaceOrientationLandscapeLeft UIInterfaceOrientationLandscapeRight";
				IPHONEOS_DEPLOYMENT_TARGET = 14.0;
				LD_RUNPATH_SEARCH_PATHS = (
					"$(inherited)",
					"@executable_path/Frameworks",
				);
				MARKETING_VERSION = 1.0;
				PRODUCT_BUNDLE_IDENTIFIER = "com.vex.army.find-army";
				PRODUCT_NAME = "$(TARGET_NAME)";
				SWIFT_EMIT_LOC_STRINGS = YES;
				SWIFT_VERSION = 5.0;
				TARGETED_DEVICE_FAMILY = "1,2";
			};
			name = Release;
		};
/* End XCBuildConfiguration section */

/* Begin XCConfigurationList section */
		1081F59929A7B1DE009A80D4 /* Build configuration list for PBXProject "find-army" */ = {
			isa = XCConfigurationList;
			buildConfigurations = (
				1081F5B029A7B1DF009A80D4 /* Debug */,
				1081F5B129A7B1DF009A80D4 /* Release */,
			);
			defaultConfigurationIsVisible = 0;
			defaultConfigurationName = Release;
		};
		1081F5B229A7B1DF009A80D4 /* Build configuration list for PBXNativeTarget "find-army" */ = {
			isa = XCConfigurationList;
			buildConfigurations = (
				1081F5B329A7B1DF009A80D4 /* Debug */,
				1081F5B429A7B1DF009A80D4 /* Release */,
			);
			defaultConfigurationIsVisible = 0;
			defaultConfigurationName = Release;
		};
/* End XCConfigurationList section */

/* Begin XCRemoteSwiftPackageReference section */
		1081F5B529A7B304009A80D4 /* XCRemoteSwiftPackageReference "SnapKit" */ = {
			isa = XCRemoteSwiftPackageReference;
			repositoryURL = "https://github.com/SnapKit/SnapKit.git";
			requirement = {
				branch = develop;
				kind = branch;
			};
		};
		1081F5B829A7B323009A80D4 /* XCRemoteSwiftPackageReference "RxSwift" */ = {
			isa = XCRemoteSwiftPackageReference;
			repositoryURL = "https://github.com/ReactiveX/RxSwift.git";
			requirement = {
				branch = main;
				kind = branch;
			};
		};
		1081F5BD29A7B355009A80D4 /* XCRemoteSwiftPackageReference "Moya" */ = {
			isa = XCRemoteSwiftPackageReference;
			repositoryURL = "https://github.com/Moya/Moya.git";
			requirement = {
				branch = master;
				kind = branch;
			};
		};
/* End XCRemoteSwiftPackageReference section */

/* Begin XCSwiftPackageProductDependency section */
		1081F5B629A7B304009A80D4 /* SnapKit */ = {
			isa = XCSwiftPackageProductDependency;
			package = 1081F5B529A7B304009A80D4 /* XCRemoteSwiftPackageReference "SnapKit" */;
			productName = SnapKit;
		};
		1081F5B929A7B323009A80D4 /* RxCocoa */ = {
			isa = XCSwiftPackageProductDependency;
			package = 1081F5B829A7B323009A80D4 /* XCRemoteSwiftPackageReference "RxSwift" */;
			productName = RxCocoa;
		};
		1081F5BB29A7B323009A80D4 /* RxSwift */ = {
			isa = XCSwiftPackageProductDependency;
			package = 1081F5B829A7B323009A80D4 /* XCRemoteSwiftPackageReference "RxSwift" */;
			productName = RxSwift;
		};
		1081F5BE29A7B355009A80D4 /* Moya */ = {
			isa = XCSwiftPackageProductDependency;
			package = 1081F5BD29A7B355009A80D4 /* XCRemoteSwiftPackageReference "Moya" */;
			productName = Moya;
		};
/* End XCSwiftPackageProductDependency section */
	};
	rootObject = 1081F59629A7B1DE009A80D4 /* Project object */;
}
